
Microsoft Visual Studio Solution File, Format Version 12.00
# Visual Studio Version 17
VisualStudioVersion = 17.3.32811.315
MinimumVisualStudioVersion = 10.0.40219.1
Project("{FAE04EC0-301F-11D3-BF4B-00C04F79EFBC}") = "API", "API.csproj", "{81D2D041-A8C7-4DF0-ADEB-50BEAB92A7B8}"
EndProject
Global
	GlobalSection(SolutionConfigurationPlatforms) = preSolution
		Debug|Any CPU = Debug|Any CPU
		Release|Any CPU = Release|Any CPU
	EndGlobalSection
	GlobalSection(ProjectConfigurationPlatforms) = postSolution
		{81D2D041-A8C7-4DF0-ADEB-50BEAB92A7B8}.Debug|Any CPU.ActiveCfg = Debug|Any CPU
		{81D2D041-A8C7-4DF0-ADEB-50BEAB92A7B8}.Debug|Any CPU.Build.0 = Debug|Any CPU
		{81D2D041-A8C7-4DF0-ADEB-50BEAB92A7B8}.Release|Any CPU.ActiveCfg = Release|Any CPU
		{81D2D041-A8C7-4DF0-ADEB-50BEAB92A7B8}.Release|Any CPU.Build.0 = Release|Any CPU
	EndGlobalSection
	GlobalSection(SolutionProperties) = preSolution
		HideSolutionNode = FALSE
	EndGlobalSection
	GlobalSection(ExtensibilityGlobals) = postSolution
		SolutionGuid = {5E360BBB-7B8C-4DC7-9A46-9CBFE2111226}
	EndGlobalSection
EndGlobal
